// !$*UTF8*$!
{
	archiveVersion = 1;
	classes = {
	};
	objectVersion = 77;
	objects = {

/* Begin PBXContainerItemProxy section */
		FFAA2F7D2F87DA44001E332F /* PBXContainerItemProxy */ = {
			isa = PBXContainerItemProxy;
			containerPortal = FFAA2F672F87DA43001E332F /* Project object */;
			proxyType = 1;
			remoteGlobalIDString = FFAA2F6E2F87DA43001E332F;
			remoteInfo = "IOS Lab Final Project";
		};
		FFAA2F872F87DA44001E332F /* PBXContainerItemProxy */ = {
			isa = PBXContainerItemProxy;
			containerPortal = FFAA2F672F87DA43001E332F /* Project object */;
			proxyType = 1;
			remoteGlobalIDString = FFAA2F6E2F87DA43001E332F;
			remoteInfo = "IOS Lab Final Project";
		};
/* End PBXContainerItemProxy section */

/* Begin PBXFileReference section */
		FFAA2F6F2F87DA43001E332F /* IOS Lab Final Project.app */ = {isa = PBXFileReference; explicitFileType = wrapper.application; includeInIndex = 0; path = "IOS Lab Final Project.app"; sourceTree = BUILT_PRODUCTS_DIR; };
		FFAA2F7C2F87DA44001E332F /* IOS Lab Final ProjectTests.xctest */ = {isa = PBXFileReference; explicitFileType = wrapper.cfbundle; includeInIndex = 0; path = "IOS Lab Final ProjectTests.xctest"; sourceTree = BUILT_PRODUCTS_DIR; };
		FFAA2F862F87DA44001E332F /* IOS Lab Final ProjectUITests.xctest */ = {isa = PBXFileReference; explicitFileType = wrapper.cfbundle; includeInIndex = 0; path = "IOS Lab Final ProjectUITests.xctest"; sourceTree = BUILT_PRODUCTS_DIR; };
/* End PBXFileReference section */

/* Begin PBXFileSystemSynchronizedRootGroup section */
		FFAA2F712F87DA43001E332F /* IOS Lab Final Project */ = {
			isa = PBXFileSystemSynchronizedRootGroup;
			path = "IOS Lab Final Project";
			sourceTree = "<group>";
		};
		FFAA2F7F2F87DA44001E332F /* IOS Lab Final ProjectTests */ = {
			isa = PBXFileSystemSynchronizedRootGroup;
			path = "IOS Lab Final ProjectTests";
			sourceTree = "<group>";
		};
		FFAA2F892F87DA44001E332F /* IOS Lab Final ProjectUITests */ = {
			isa = PBXFileSystemSynchronizedRootGroup;
			path = "IOS Lab Final ProjectUITests";
			sourceTree = "<group>";
		};
/* End PBXFileSystemSynchronizedRootGroup section */

/* Begin PBXFrameworksBuildPhase section */
		FFAA2F6C2F87DA43001E332F /* Frameworks */ = {
			isa = PBXFrameworksBuildPhase;
			buildActionMask = 2147483647;
			files = (
			);
			runOnlyForDeploymentPostprocessing = 0;
		};
		FFAA2F792F87DA44001E332F /* Frameworks */ = {
			isa = PBXFrameworksBuildPhase;
			buildActionMask = 2147483647;
			files = (
			);
			runOnlyForDeploymentPostprocessing = 0;
		};
		FFAA2F832F87DA44001E332F /* Frameworks */ = {
			isa = PBXFrameworksBuildPhase;
			buildActionMask = 2147483647;
			files = (
			);
			runOnlyForDeploymentPostprocessing = 0;
		};
/* End PBXFrameworksBuildPhase section */

/* Begin PBXGroup section */
		FFAA2F662F87DA43001E332F = {
			isa = PBXGroup;
			children = (
				FFAA2F712F87DA43001E332F /* IOS Lab Final Project */,
				FFAA2F7F2F87DA44001E332F /* IOS Lab Final ProjectTests */,
				FFAA2F892F87DA44001E332F /* IOS Lab Final ProjectUITests */,
				FFAA2F702F87DA43001E332F /* Products */,
			);
			sourceTree = "<group>";
		};
		FFAA2F702F87DA43001E332F /* Products */ = {
			isa = PBXGroup;
			children = (
				FFAA2F6F2F87DA43001E332F /* IOS Lab Final Project.app */,
				FFAA2F7C2F87DA44001E332F /* IOS Lab Final ProjectTests.xctest */,
				FFAA2F862F87DA44001E332F /* IOS Lab Final ProjectUITests.xctest */,
			);
			name = Products;
			sourceTree = "<group>";
		};
/* End PBXGroup section */

/* Begin PBXNativeTarget section */
		FFAA2F6E2F87DA43001E332F /* IOS Lab Final Project */ = {
			isa = PBXNativeTarget;
			buildConfigurationList = FFAA2F902F87DA44001E332F /* Build configuration list for PBXNativeTarget "IOS Lab Final Project" */;
			buildPhases = (
				FFAA2F6B2F87DA43001E332F /* Sources */,
				FFAA2F6C2F87DA43001E332F /* Frameworks */,
				FFAA2F6D2F87DA43001E332F /* Resources */,
			);
			buildRules = (
			);
			dependencies = (
			);
			fileSystemSynchronizedGroups = (
				FFAA2F712F87DA43001E332F /* IOS Lab Final Project */,
			);
			name = "IOS Lab Final Project";
			packageProductDependencies = (
			);
			productName = "IOS Lab Final Project";
			productReference = FFAA2F6F2F87DA43001E332F /* IOS Lab Final Project.app */;
			productType = "com.apple.product-type.application";
		};
		FFAA2F7B2F87DA44001E332F /* IOS Lab Final ProjectTests */ = {
			isa = PBXNativeTarget;
			buildConfigurationList = FFAA2F932F87DA44001E332F /* Build configuration list for PBXNativeTarget "IOS Lab Final ProjectTests" */;
			buildPhases = (
				FFAA2F782F87DA44001E332F /* Sources */,
				FFAA2F792F87DA44001E332F /* Frameworks */,
				FFAA2F7A2F87DA44001E332F /* Resources */,
			);
			buildRules = (
			);
			dependencies = (
				FFAA2F7E2F87DA44001E332F /* PBXTargetDependency */,
			);
			fileSystemSynchronizedGroups = (
				FFAA2F7F2F87DA44001E332F /* IOS Lab Final ProjectTests */,
			);
			name = "IOS Lab Final ProjectTests";
			packageProductDependencies = (
			);
			productName = "IOS Lab Final ProjectTests";
			productReference = FFAA2F7C2F87DA44001E332F /* IOS Lab Final ProjectTests.xctest */;
			productType = "com.apple.product-type.bundle.unit-test";
		};
		FFAA2F852F87DA44001E332F /* IOS Lab Final ProjectUITests */ = {
			isa = PBXNativeTarget;
			buildConfigurationList = FFAA2F962F87DA44001E332F /* Build configuration list for PBXNativeTarget "IOS Lab Final ProjectUITests" */;
			buildPhases = (
				FFAA2F822F87DA44001E332F /* Sources */,
				FFAA2F832F87DA44001E332F /* Frameworks */,
				FFAA2F842F87DA44001E332F /* Resources */,
			);
			buildRules = (
			);
			dependencies = (
				FFAA2F882F87DA44001E332F /* PBXTargetDependency */,
			);
			fileSystemSynchronizedGroups = (
				FFAA2F892F87DA44001E332F /* IOS Lab Final ProjectUITests */,
			);
			name = "IOS Lab Final ProjectUITests";
			packageProductDependencies = (
			);
			productName = "IOS Lab Final ProjectUITests";
			productReference = FFAA2F862F87DA44001E332F /* IOS Lab Final ProjectUITests.xctest */;
			productType = "com.apple.product-type.bundle.ui-testing";
		};
/* End PBXNativeTarget section */

/* Begin PBXProject section */
		FFAA2F672F87DA43001E332F /* Project object */ = {
			isa = PBXProject;
			attributes = {
				BuildIndependentTargetsInParallel = 1;
				LastSwiftUpdateCheck = 2620;
				LastUpgradeCheck = 2620;
				TargetAttributes = {
					FFAA2F6E2F87DA43001E332F = {
						CreatedOnToolsVersion = 26.2;
					};
					FFAA2F7B2F87DA44001E332F = {
						CreatedOnToolsVersion = 26.2;
						TestTargetID = FFAA2F6E2F87DA43001E332F;
					};
					FFAA2F852F87DA44001E332F = {
						CreatedOnToolsVersion = 26.2;
						TestTargetID = FFAA2F6E2F87DA43001E332F;
					};
				};
			};
			buildConfigurationList = FFAA2F6A2F87DA43001E332F /* Build configuration list for PBXProject "IOS Lab Final Project" */;
			developmentRegion = en;
			hasScannedForEncodings = 0;
			knownRegions = (
				en,
				Base,
			);
			mainGroup = FFAA2F662F87DA43001E332F;
			minimizedProjectReferenceProxies = 1;
			preferredProjectObjectVersion = 77;
			productRefGroup = FFAA2F702F87DA43001E332F /* Products */;
			projectDirPath = "";
			projectRoot = "";
			targets = (
				FFAA2F6E2F87DA43001E332F /* IOS Lab Final Project */,
				FFAA2F7B2F87DA44001E332F /* IOS Lab Final ProjectTests */,
				FFAA2F852F87DA44001E332F /* IOS Lab Final ProjectUITests */,
			);
		};
/* End PBXProject section */

/* Begin PBXResourcesBuildPhase section */
		FFAA2F6D2F87DA43001E332F /* Resources */ = {
			isa = PBXResourcesBuildPhase;
			buildActionMask = 2147483647;
			files = (
			);
			runOnlyForDeploymentPostprocessing = 0;
		};
		FFAA2F7A2F87DA44001E332F /* Resources */ = {
			isa = PBXResourcesBuildPhase;
			buildActionMask = 2147483647;
			files = (
			);
			runOnlyForDeploymentPostprocessing = 0;
		};
		FFAA2F842F87DA44001E332F /* Resources */ = {
			isa = PBXResourcesBuildPhase;
			buildActionMask = 2147483647;
			files = (
			);
			runOnlyForDeploymentPostprocessing = 0;
		};
/* End PBXResourcesBuildPhase section */

/* Begin PBXSourcesBuildPhase section */
		FFAA2F6B2F87DA43001E332F /* Sources */ = {
			isa = PBXSourcesBuildPhase;
			buildActionMask = 2147483647;
			files = (
			);
			runOnlyForDeploymentPostprocessing = 0;
		};
		FFAA2F782F87DA44001E332F /* Sources */ = {
			isa = PBXSourcesBuildPhase;
			buildActionMask = 2147483647;
			files = (
			);
			runOnlyForDeploymentPostprocessing = 0;
		};
		FFAA2F822F87DA44001E332F /* Sources */ = {
			isa = PBXSourcesBuildPhase;
			buildActionMask = 2147483647;
			files = (
			);
			runOnlyForDeploymentPostprocessing = 0;
		};
/* End PBXSourcesBuildPhase section */

/* Begin PBXTargetDependency section */
		FFAA2F7E2F87DA44001E332F /* PBXTargetDependency */ = {
			isa = PBXTargetDependency;
			target = FFAA2F6E2F87DA43001E332F /* IOS Lab Final Project */;
			targetProxy = FFAA2F7D2F87DA44001E332F /* PBXContainerItemProxy */;
		};
		FFAA2F882F87DA44001E332F /* PBXTargetDependency */ = {
			isa = PBXTargetDependency;
			target = FFAA2F6E2F87DA43001E332F /* IOS Lab Final Project */;
			targetProxy = FFAA2F872F87DA44001E332F /* PBXContainerItemProxy */;
		};
/* End PBXTargetDependency section */

/* Begin XCBuildConfiguration section */
		FFAA2F8E2F87DA44001E332F /* Debug */ = {
			isa = XCBuildConfiguration;
			buildSettings = {
				ALWAYS_SEARCH_USER_PATHS = NO;
				ASSETCATALOG_COMPILER_GENERATE_SWIFT_ASSET_SYMBOL_EXTENSIONS = YES;
				CLANG_ANALYZER_NONNULL = YES;
				CLANG_ANALYZER_NUMBER_OBJECT_CONVERSION = YES_AGGRESSIVE;
				CLANG_CXX_LANGUAGE_STANDARD = "gnu++20";
				CLANG_ENABLE_MODULES = YES;
				CLANG_ENABLE_OBJC_ARC = YES;
				CLANG_ENABLE_OBJC_WEAK = YES;
				CLANG_WARN_BLOCK_CAPTURE_AUTORELEASING = YES;
				CLANG_WARN_BOOL_CONVERSION = YES;
				CLANG_WARN_COMMA = YES;
				CLANG_WARN_CONSTANT_CONVERSION = YES;
				CLANG_WARN_DEPRECATED_OBJC_IMPLEMENTATIONS = YES;
				CLANG_WARN_DIRECT_OBJC_ISA_USAGE = YES_ERROR;
				CLANG_WARN_DOCUMENTATION_COMMENTS = YES;
				CLANG_WARN_EMPTY_BODY = YES;
				CLANG_WARN_ENUM_CONVERSION = YES;
				CLANG_WARN_INFINITE_RECURSION = YES;
				CLANG_WARN_INT_CONVERSION = YES;
				CLANG_WARN_NON_LITERAL_NULL_CONVERSION = YES;
				CLANG_WARN_OBJC_IMPLICIT_RETAIN_SELF = YES;
				CLANG_WARN_OBJC_LITERAL_CONVERSION = YES;
				CLANG_WARN_OBJC_ROOT_CLASS = YES_ERROR;
				CLANG_WARN_QUOTED_INCLUDE_IN_FRAMEWORK_HEADER = YES;
				CLANG_WARN_RANGE_LOOP_ANALYSIS = YES;
				CLANG_WARN_STRICT_PROTOTYPES = YES;
				CLANG_WARN_SUSPICIOUS_MOVE = YES;
				CLANG_WARN_UNGUARDED_AVAILABILITY = YES_AGGRESSIVE;
				CLANG_WARN_UNREACHABLE_CODE = YES;
				CLANG_WARN__DUPLICATE_METHOD_MATCH = YES;
				COPY_PHASE_STRIP = NO;
				DEBUG_INFORMATION_FORMAT = dwarf;
				DEVELOPMENT_TEAM = 5B6FNP2C4Z;
				ENABLE_STRICT_OBJC_MSGSEND = YES;
				ENABLE_TESTABILITY = YES;
				ENABLE_USER_SCRIPT_SANDBOXING = YES;
				GCC_C_LANGUAGE_STANDARD = gnu17;
				GCC_DYNAMIC_NO_PIC = NO;
				GCC_NO_COMMON_BLOCKS = YES;
				GCC_OPTIMIZATION_LEVEL = 0;
				GCC_PREPROCESSOR_DEFINITIONS = (
					"DEBUG=1",
					"$(inherited)",
				);
				GCC_WARN_64_TO_32_BIT_CONVERSION = YES;
				GCC_WARN_ABOUT_RETURN_TYPE = YES_ERROR;
				GCC_WARN_UNDECLARED_SELECTOR = YES;
				GCC_WARN_UNINITIALIZED_AUTOS = YES_AGGRESSIVE;
				GCC_WARN_UNUSED_FUNCTION = YES;
				GCC_WARN_UNUSED_VARIABLE = YES;
				IPHONEOS_DEPLOYMENT_TARGET = 26.2;
				LOCALIZATION_PREFERS_STRING_CATALOGS = YES;
				MTL_ENABLE_DEBUG_INFO = INCLUDE_SOURCE;
				MTL_FAST_MATH = YES;
				ONLY_ACTIVE_ARCH = YES;
				SDKROOT = iphoneos;
				SWIFT_ACTIVE_COMPILATION_CONDITIONS = "DEBUG $(inherited)";
				SWIFT_OPTIMIZATION_LEVEL = "-Onone";
			};
			name = Debug;
		};
		FFAA2F8F2F87DA44001E332F /* Release */ = {
			isa = XCBuildConfiguration;
			buildSettings = {
				ALWAYS_SEARCH_USER_PATHS = NO;
				ASSETCATALOG_COMPILER_GENERATE_SWIFT_ASSET_SYMBOL_EXTENSIONS = YES;
				CLANG_ANALYZER_NONNULL = YES;
				CLANG_ANALYZER_NUMBER_OBJECT_CONVERSION = YES_AGGRESSIVE;
				CLANG_CXX_LANGUAGE_STANDARD = "gnu++20";
				CLANG_ENABLE_MODULES = YES;
				CLANG_ENABLE_OBJC_ARC = YES;
				CLANG_ENABLE_OBJC_WEAK = YES;
				CLANG_WARN_BLOCK_CAPTURE_AUTORELEASING = YES;
				CLANG_WARN_BOOL_CONVERSION = YES;
				CLANG_WARN_COMMA = YES;
				CLANG_WARN_CONSTANT_CONVERSION = YES;
				CLANG_WARN_DEPRECATED_OBJC_IMPLEMENTATIONS = YES;
				CLANG_WARN_DIRECT_OBJC_ISA_USAGE = YES_ERROR;
				CLANG_WARN_DOCUMENTATION_COMMENTS = YES;
				CLANG_WARN_EMPTY_BODY = YES;
				CLANG_WARN_ENUM_CONVERSION = YES;
				CLANG_WARN_INFINITE_RECURSION = YES;
				CLANG_WARN_INT_CONVERSION = YES;
				CLANG_WARN_NON_LITERAL_NULL_CONVERSION = YES;
				CLANG_WARN_OBJC_IMPLICIT_RETAIN_SELF = YES;
				CLANG_WARN_OBJC_LITERAL_CONVERSION = YES;
				CLANG_WARN_OBJC_ROOT_CLASS = YES_ERROR;
				CLANG_WARN_QUOTED_INCLUDE_IN_FRAMEWORK_HEADER = YES;
				CLANG_WARN_RANGE_LOOP_ANALYSIS = YES;
				CLANG_WARN_STRICT_PROTOTYPES = YES;
				CLANG_WARN_SUSPICIOUS_MOVE = YES;
				CLANG_WARN_UNGUARDED_AVAILABILITY = YES_AGGRESSIVE;
				CLANG_WARN_UNREACHABLE_CODE = YES;
				CLANG_WARN__DUPLICATE_METHOD_MATCH = YES;
				COPY_PHASE_STRIP = NO;
				DEBUG_INFORMATION_FORMAT = "dwarf-with-dsym";
				DEVELOPMENT_TEAM = 5B6FNP2C4Z;
				ENABLE_NS_ASSERTIONS = NO;
				ENABLE_STRICT_OBJC_MSGSEND = YES;
				ENABLE_USER_SCRIPT_SANDBOXING = YES;
				GCC_C_LANGUAGE_STANDARD = gnu17;
				GCC_NO_COMMON_BLOCKS = YES;
				GCC_WARN_64_TO_32_BIT_CONVERSION = YES;
				GCC_WARN_ABOUT_RETURN_TYPE = YES_ERROR;
				GCC_WARN_UNDECLARED_SELECTOR = YES;
				GCC_WARN_UNINITIALIZED_AUTOS = YES_AGGRESSIVE;
				GCC_WARN_UNUSED_FUNCTION = YES;
				GCC_WARN_UNUSED_VARIABLE = YES;
				IPHONEOS_DEPLOYMENT_TARGET = 26.2;
				LOCALIZATION_PREFERS_STRING_CATALOGS = YES;
				MTL_ENABLE_DEBUG_INFO = NO;
				MTL_FAST_MATH = YES;
				SDKROOT = iphoneos;
				SWIFT_COMPILATION_MODE = wholemodule;
				VALIDATE_PRODUCT = YES;
			};
			name = Release;
		};
		FFAA2F912F87DA44001E332F /* Debug */ = {
			isa = XCBuildConfiguration;
			buildSettings = {
				ASSETCATALOG_COMPILER_APPICON_NAME = AppIcon;
				ASSETCATALOG_COMPILER_GLOBAL_ACCENT_COLOR_NAME = AccentColor;
				CODE_SIGN_STYLE = Automatic;
				CURRENT_PROJECT_VERSION = 1;
				DEVELOPMENT_TEAM = 5B6FNP2C4Z;
				ENABLE_PREVIEWS = YES;
				GENERATE_INFOPLIST_FILE = YES;
				INFOPLIST_KEY_UIApplicationSceneManifest_Generation = YES;
				INFOPLIST_KEY_UIApplicationSupportsIndirectInputEvents = YES;
				INFOPLIST_KEY_UILaunchScreen_Generation = YES;
				INFOPLIST_KEY_UISupportedInterfaceOrientations_iPad = "UIInterfaceOrientationPortrait UIInterfaceOrientationPortraitUpsideDown UIInterfaceOrientationLandscapeLeft UIInterfaceOrientationLandscapeRight";
				INFOPLIST_KEY_UISupportedInterfaceOrientations_iPhone = "UIInterfaceOrientationPortrait UIInterfaceOrientationLandscapeLeft UIInterfaceOrientationLandscapeRight";
				LD_RUNPATH_SEARCH_PATHS = (
					"$(inherited)",
					"@executable_path/Frameworks",
				);
				MARKETING_VERSION = 1.0;
				PRODUCT_BUNDLE_IDENTIFIER = "App.IOS-Lab-Final-Project";
				PRODUCT_NAME = "$(TARGET_NAME)";
				STRING_CATALOG_GENERATE_SYMBOLS = YES;
				SWIFT_APPROACHABLE_CONCURRENCY = YES;
				SWIFT_DEFAULT_ACTOR_ISOLATION = MainActor;
				SWIFT_EMIT_LOC_STRINGS = YES;
				SWIFT_UPCOMING_FEATURE_MEMBER_IMPORT_VISIBILITY = YES;
				SWIFT_VERSION = 5.0;
				TARGETED_DEVICE_FAMILY = "1,2";
			};
			name = Debug;
		};
		FFAA2F922F87DA44001E332F /* Release */ = {
			isa = XCBuildConfiguration;
			buildSettings = {
				ASSETCATALOG_COMPILER_APPICON_NAME = AppIcon;
				ASSETCATALOG_COMPILER_GLOBAL_ACCENT_COLOR_NAME = AccentColor;
				CODE_SIGN_STYLE = Automatic;
				CURRENT_PROJECT_VERSION = 1;
				DEVELOPMENT_TEAM = 5B6FNP2C4Z;
				ENABLE_PREVIEWS = YES;
				GENERATE_INFOPLIST_FILE = YES;
				INFOPLIST_KEY_UIApplicationSceneManifest_Generation = YES;
				INFOPLIST_KEY_UIApplicationSupportsIndirectInputEvents = YES;
				INFOPLIST_KEY_UILaunchScreen_Generation = YES;
				INFOPLIST_KEY_UISupportedInterfaceOrientations_iPad = "UIInterfaceOrientationPortrait UIInterfaceOrientationPortraitUpsideDown UIInterfaceOrientationLandscapeLeft UIInterfaceOrientationLandscapeRight";
				INFOPLIST_KEY_UISupportedInterfaceOrientations_iPhone = "UIInterfaceOrientationPortrait UIInterfaceOrientationLandscapeLeft UIInterfaceOrientationLandscapeRight";
				LD_RUNPATH_SEARCH_PATHS = (
					"$(inherited)",
					"@executable_path/Frameworks",
				);
				MARKETING_VERSION = 1.0;
				PRODUCT_BUNDLE_IDENTIFIER = "App.IOS-Lab-Final-Project";
				PRODUCT_NAME = "$(TARGET_NAME)";
				STRING_CATALOG_GENERATE_SYMBOLS = YES;
				SWIFT_APPROACHABLE_CONCURRENCY = YES;
				SWIFT_DEFAULT_ACTOR_ISOLATION = MainActor;
				SWIFT_EMIT_LOC_STRINGS = YES;
				SWIFT_UPCOMING_FEATURE_MEMBER_IMPORT_VISIBILITY = YES;
				SWIFT_VERSION = 5.0;
				TARGETED_DEVICE_FAMILY = "1,2";
			};
			name = Release;
		};
		FFAA2F942F87DA44001E332F /* Debug */ = {
			isa = XCBuildConfiguration;
			buildSettings = {
				BUNDLE_LOADER = "$(TEST_HOST)";
				CODE_SIGN_STYLE = Automatic;
				CURRENT_PROJECT_VERSION = 1;
				DEVELOPMENT_TEAM = 5B6FNP2C4Z;
				GENERATE_INFOPLIST_FILE = YES;
				IPHONEOS_DEPLOYMENT_TARGET = 26.2;
				MARKETING_VERSION = 1.0;
				PRODUCT_BUNDLE_IDENTIFIER = "App.IOS-Lab-Final-ProjectTests";
				PRODUCT_NAME = "$(TARGET_NAME)";
				STRING_CATALOG_GENERATE_SYMBOLS = NO;
				SWIFT_APPROACHABLE_CONCURRENCY = YES;
				SWIFT_EMIT_LOC_STRINGS = NO;
				SWIFT_UPCOMING_FEATURE_MEMBER_IMPORT_VISIBILITY = YES;
				SWIFT_VERSION = 5.0;
				TARGETED_DEVICE_FAMILY = "1,2";
				TEST_HOST = "$(BUILT_PRODUCTS_DIR)/IOS Lab Final Project.app/$(BUNDLE_EXECUTABLE_FOLDER_PATH)/IOS Lab Final Project";
			};
			name = Debug;
		};
		FFAA2F952F87DA44001E332F /* Release */ = {
			isa = XCBuildConfiguration;
			buildSettings = {
				BUNDLE_LOADER = "$(TEST_HOST)";
				CODE_SIGN_STYLE = Automatic;
				CURRENT_PROJECT_VERSION = 1;
				DEVELOPMENT_TEAM = 5B6FNP2C4Z;
				GENERATE_INFOPLIST_FILE = YES;
				IPHONEOS_DEPLOYMENT_TARGET = 26.2;
				MARKETING_VERSION = 1.0;
				PRODUCT_BUNDLE_IDENTIFIER = "App.IOS-Lab-Final-ProjectTests";
				PRODUCT_NAME = "$(TARGET_NAME)";
				STRING_CATALOG_GENERATE_SYMBOLS = NO;
				SWIFT_APPROACHABLE_CONCURRENCY = YES;
				SWIFT_EMIT_LOC_STRINGS = NO;
				SWIFT_UPCOMING_FEATURE_MEMBER_IMPORT_VISIBILITY = YES;
				SWIFT_VERSION = 5.0;
				TARGETED_DEVICE_FAMILY = "1,2";
				TEST_HOST = "$(BUILT_PRODUCTS_DIR)/IOS Lab Final Project.app/$(BUNDLE_EXECUTABLE_FOLDER_PATH)/IOS Lab Final Project";
			};
			name = Release;
		};
		FFAA2F972F87DA44001E332F /* Debug */ = {
			isa = XCBuildConfiguration;
			buildSettings = {
				CODE_SIGN_STYLE = Automatic;
				CURRENT_PROJECT_VERSION = 1;
				DEVELOPMENT_TEAM = 5B6FNP2C4Z;
				GENERATE_INFOPLIST_FILE = YES;
				MARKETING_VERSION = 1.0;
				PRODUCT_BUNDLE_IDENTIFIER = "App.IOS-Lab-Final-ProjectUITests";
				PRODUCT_NAME = "$(TARGET_NAME)";
				STRING_CATALOG_GENERATE_SYMBOLS = NO;
				SWIFT_APPROACHABLE_CONCURRENCY = YES;
				SWIFT_EMIT_LOC_STRINGS = NO;
				SWIFT_UPCOMING_FEATURE_MEMBER_IMPORT_VISIBILITY = YES;
				SWIFT_VERSION = 5.0;
				TARGETED_DEVICE_FAMILY = "1,2";
				TEST_TARGET_NAME = "IOS Lab Final Project";
			};
			name = Debug;
		};
		FFAA2F982F87DA44001E332F /* Release */ = {
			isa = XCBuildConfiguration;
			buildSettings = {
				CODE_SIGN_STYLE = Automatic;
				CURRENT_PROJECT_VERSION = 1;
				DEVELOPMENT_TEAM = 5B6FNP2C4Z;
				GENERATE_INFOPLIST_FILE = YES;
				MARKETING_VERSION = 1.0;
				PRODUCT_BUNDLE_IDENTIFIER = "App.IOS-Lab-Final-ProjectUITests";
				PRODUCT_NAME = "$(TARGET_NAME)";
				STRING_CATALOG_GENERATE_SYMBOLS = NO;
				SWIFT_APPROACHABLE_CONCURRENCY = YES;
				SWIFT_EMIT_LOC_STRINGS = NO;
				SWIFT_UPCOMING_FEATURE_MEMBER_IMPORT_VISIBILITY = YES;
				SWIFT_VERSION = 5.0;
				TARGETED_DEVICE_FAMILY = "1,2";
				TEST_TARGET_NAME = "IOS Lab Final Project";
			};
			name = Release;
		};
/* End XCBuildConfiguration section */

/* Begin XCConfigurationList section */
		FFAA2F6A2F87DA43001E332F /* Build configuration list for PBXProject "IOS Lab Final Project" */ = {
			isa = XCConfigurationList;
			buildConfigurations = (
				FFAA2F8E2F87DA44001E332F /* Debug */,
				FFAA2F8F2F87DA44001E332F /* Release */,
			);
			defaultConfigurationIsVisible = 0;
			defaultConfigurationName = Release;
		};
		FFAA2F902F87DA44001E332F /* Build configuration list for PBXNativeTarget "IOS Lab Final Project" */ = {
			isa = XCConfigurationList;
			buildConfigurations = (
				FFAA2F912F87DA44001E332F /* Debug */,
				FFAA2F922F87DA44001E332F /* Release */,
			);
			defaultConfigurationIsVisible = 0;
			defaultConfigurationName = Release;
		};
		FFAA2F932F87DA44001E332F /* Build configuration list for PBXNativeTarget "IOS Lab Final ProjectTests" */ = {
			isa = XCConfigurationList;
			buildConfigurations = (
				FFAA2F942F87DA44001E332F /* Debug */,
				FFAA2F952F87DA44001E332F /* Release */,
			);
			defaultConfigurationIsVisible = 0;
			defaultConfigurationName = Release;
		};
		FFAA2F962F87DA44001E332F /* Build configuration list for PBXNativeTarget "IOS Lab Final ProjectUITests" */ = {
			isa = XCConfigurationList;
			buildConfigurations = (
				FFAA2F972F87DA44001E332F /* Debug */,
				FFAA2F982F87DA44001E332F /* Release */,
			);
			defaultConfigurationIsVisible = 0;
			defaultConfigurationName = Release;
		};
/* End XCConfigurationList section */
	};
	rootObject = FFAA2F672F87DA43001E332F /* Project object */;
}
